
Microsoft Visual Studio Solution File, Format Version 12.00
# Visual Studio Version 17
VisualStudioVersion = 17.0.31903.59
MinimumVisualStudioVersion = 10.0.40219.1
Project("{FAE04EC0-301F-11D3-BF4B-00C04F79EFBC}") = "WorkerService1", "WorkerService1\WorkerService1.csproj", "{AA4B6764-4F23-44D3-993D-A26A5B0916B5}"
EndProject
Project("{FAE04EC0-301F-11D3-BF4B-00C04F79EFBC}") = "EconomicSimulator", "EconomicSimulator\EconomicSimulator.csproj", "{9C42C603-BE7C-482A-8D6F-19877DB7B1A8}"
EndProject
Project("{FAE04EC0-301F-11D3-BF4B-00C04F79EFBC}") = "BF2", "BF2\BF2.csproj", "{8DBF8D70-BF5B-41BB-ADE0-33D068F721B8}"
EndProject
Project("{FAE04EC0-301F-11D3-BF4B-00C04F79EFBC}") = "DistributedLaba", "DistributedLaba\DistributedLaba.csproj", "{C1A5D38F-0C6A-44BC-BA5E-1B9B30F154ED}"
EndProject
Project("{FAE04EC0-301F-11D3-BF4B-00C04F79EFBC}") = "EconomicSimulator.Lib", "EconomicSimulator.Lib\EconomicSimulator.Lib.csproj", "{FE9CF977-BD85-4F59-BB4D-F9B093137869}"
EndProject
Project("{FAE04EC0-301F-11D3-BF4B-00C04F79EFBC}") = "BlazorApp1.Server", "BlazorApp1\Server\BlazorApp1.Server.csproj", "{F726FB3C-0E01-4CD1-8095-496EE785B4E0}"
EndProject
Project("{FAE04EC0-301F-11D3-BF4B-00C04F79EFBC}") = "BlazorApp1.Client", "BlazorApp1\Client\BlazorApp1.Client.csproj", "{ED3D0A13-7ABD-4A6D-AF67-A9604DDA72B8}"
EndProject
Project("{FAE04EC0-301F-11D3-BF4B-00C04F79EFBC}") = "BlazorApp1.Shared", "BlazorApp1\Shared\BlazorApp1.Shared.csproj", "{D2BEC968-7E89-43CB-BCE6-42F0A77424B7}"
EndProject
Project("{FAE04EC0-301F-11D3-BF4B-00C04F79EFBC}") = "Database.Showcase", "Database.Showcase\Database.Showcase.csproj", "{DAB13425-9347-4A3A-B7A6-5A7A30616E08}"
EndProject
Project("{FAE04EC0-301F-11D3-BF4B-00C04F79EFBC}") = "WebApplication1", "WebApplication1\WebApplication1.csproj", "{244C6700-E8D4-48E2-B18F-F537E7237C98}"
EndProject
Project("{2150E333-8FDC-42A3-9474-1A3956D46DE8}") = "ES", "ES", "{92DFC2B6-AB4D-449E-839E-A503EBF7A585}"
EndProject
Project("{FAE04EC0-301F-11D3-BF4B-00C04F79EFBC}") = "Benchmarks", "Benchmarks\Benchmarks.csproj", "{163C3A63-6B90-4AEC-B279-303018D1ABFE}"
EndProject
Project("{FAE04EC0-301F-11D3-BF4B-00C04F79EFBC}") = "ES.Test", "ES.Test\ES.Test.csproj", "{86939382-C3DB-43F3-AD73-6339D627DC1B}"
EndProject
Project("{2150E333-8FDC-42A3-9474-1A3956D46DE8}") = "Chess", "Chess", "{9BA18437-6194-4985-9892-57F711A1FB1B}"
EndProject
Project("{FAE04EC0-301F-11D3-BF4B-00C04F79EFBC}") = "Chess.Backend", "Chess.Backend\Chess.Backend.csproj", "{BAD2A686-EDCE-4F2F-A79C-76D52BB908B1}"
EndProject
Project("{FAE04EC0-301F-11D3-BF4B-00C04F79EFBC}") = "ChessLib", "ChessLib\ChessLib.csproj", "{DD3A8F64-6085-49FD-82CF-E21A09116B92}"
EndProject
Project("{FAE04EC0-301F-11D3-BF4B-00C04F79EFBC}") = "ChessLib.Test", "ChessLib.Test\ChessLib.Test.csproj", "{B93C1FEA-E30A-4330-9F60-DC85BA0BBC8E}"
EndProject
Project("{FAE04EC0-301F-11D3-BF4B-00C04F79EFBC}") = "Chess.Benchmark", "Chess.Benchmark\Chess.Benchmark.csproj", "{50046BC1-BEF2-47FA-88B0-8F85774828E2}"
EndProject
Global
	GlobalSection(SolutionConfigurationPlatforms) = preSolution
		Debug|Any CPU = Debug|Any CPU
		Release|Any CPU = Release|Any CPU
	EndGlobalSection
	GlobalSection(SolutionProperties) = preSolution
		HideSolutionNode = FALSE
	EndGlobalSection
	GlobalSection(ProjectConfigurationPlatforms) = postSolution
		{AA4B6764-4F23-44D3-993D-A26A5B0916B5}.Debug|Any CPU.ActiveCfg = Debug|Any CPU
		{AA4B6764-4F23-44D3-993D-A26A5B0916B5}.Debug|Any CPU.Build.0 = Debug|Any CPU
		{AA4B6764-4F23-44D3-993D-A26A5B0916B5}.Release|Any CPU.ActiveCfg = Release|Any CPU
		{AA4B6764-4F23-44D3-993D-A26A5B0916B5}.Release|Any CPU.Build.0 = Release|Any CPU
		{9C42C603-BE7C-482A-8D6F-19877DB7B1A8}.Debug|Any CPU.ActiveCfg = Debug|Any CPU
		{9C42C603-BE7C-482A-8D6F-19877DB7B1A8}.Debug|Any CPU.Build.0 = Debug|Any CPU
		{9C42C603-BE7C-482A-8D6F-19877DB7B1A8}.Release|Any CPU.ActiveCfg = Release|Any CPU
		{9C42C603-BE7C-482A-8D6F-19877DB7B1A8}.Release|Any CPU.Build.0 = Release|Any CPU
		{8DBF8D70-BF5B-41BB-ADE0-33D068F721B8}.Debug|Any CPU.ActiveCfg = Debug|Any CPU
		{8DBF8D70-BF5B-41BB-ADE0-33D068F721B8}.Debug|Any CPU.Build.0 = Debug|Any CPU
		{8DBF8D70-BF5B-41BB-ADE0-33D068F721B8}.Release|Any CPU.ActiveCfg = Release|Any CPU
		{8DBF8D70-BF5B-41BB-ADE0-33D068F721B8}.Release|Any CPU.Build.0 = Release|Any CPU
		{C1A5D38F-0C6A-44BC-BA5E-1B9B30F154ED}.Debug|Any CPU.ActiveCfg = Debug|Any CPU
		{C1A5D38F-0C6A-44BC-BA5E-1B9B30F154ED}.Debug|Any CPU.Build.0 = Debug|Any CPU
		{C1A5D38F-0C6A-44BC-BA5E-1B9B30F154ED}.Release|Any CPU.ActiveCfg = Release|Any CPU
		{C1A5D38F-0C6A-44BC-BA5E-1B9B30F154ED}.Release|Any CPU.Build.0 = Release|Any CPU
		{FE9CF977-BD85-4F59-BB4D-F9B093137869}.Debug|Any CPU.ActiveCfg = Debug|Any CPU
		{FE9CF977-BD85-4F59-BB4D-F9B093137869}.Debug|Any CPU.Build.0 = Debug|Any CPU
		{FE9CF977-BD85-4F59-BB4D-F9B093137869}.Release|Any CPU.ActiveCfg = Release|Any CPU
		{FE9CF977-BD85-4F59-BB4D-F9B093137869}.Release|Any CPU.Build.0 = Release|Any CPU
		{F726FB3C-0E01-4CD1-8095-496EE785B4E0}.Debug|Any CPU.ActiveCfg = Debug|Any CPU
		{F726FB3C-0E01-4CD1-8095-496EE785B4E0}.Debug|Any CPU.Build.0 = Debug|Any CPU
		{F726FB3C-0E01-4CD1-8095-496EE785B4E0}.Release|Any CPU.ActiveCfg = Release|Any CPU
		{F726FB3C-0E01-4CD1-8095-496EE785B4E0}.Release|Any CPU.Build.0 = Release|Any CPU
		{ED3D0A13-7ABD-4A6D-AF67-A9604DDA72B8}.Debug|Any CPU.ActiveCfg = Debug|Any CPU
		{ED3D0A13-7ABD-4A6D-AF67-A9604DDA72B8}.Debug|Any CPU.Build.0 = Debug|Any CPU
		{ED3D0A13-7ABD-4A6D-AF67-A9604DDA72B8}.Release|Any CPU.ActiveCfg = Release|Any CPU
		{ED3D0A13-7ABD-4A6D-AF67-A9604DDA72B8}.Release|Any CPU.Build.0 = Release|Any CPU
		{D2BEC968-7E89-43CB-BCE6-42F0A77424B7}.Debug|Any CPU.ActiveCfg = Debug|Any CPU
		{D2BEC968-7E89-43CB-BCE6-42F0A77424B7}.Debug|Any CPU.Build.0 = Debug|Any CPU
		{D2BEC968-7E89-43CB-BCE6-42F0A77424B7}.Release|Any CPU.ActiveCfg = Release|Any CPU
		{D2BEC968-7E89-43CB-BCE6-42F0A77424B7}.Release|Any CPU.Build.0 = Release|Any CPU
		{DAB13425-9347-4A3A-B7A6-5A7A30616E08}.Debug|Any CPU.ActiveCfg = Debug|Any CPU
		{DAB13425-9347-4A3A-B7A6-5A7A30616E08}.Debug|Any CPU.Build.0 = Debug|Any CPU
		{DAB13425-9347-4A3A-B7A6-5A7A30616E08}.Release|Any CPU.ActiveCfg = Release|Any CPU
		{DAB13425-9347-4A3A-B7A6-5A7A30616E08}.Release|Any CPU.Build.0 = Release|Any CPU
		{244C6700-E8D4-48E2-B18F-F537E7237C98}.Debug|Any CPU.ActiveCfg = Debug|Any CPU
		{244C6700-E8D4-48E2-B18F-F537E7237C98}.Debug|Any CPU.Build.0 = Debug|Any CPU
		{244C6700-E8D4-48E2-B18F-F537E7237C98}.Release|Any CPU.ActiveCfg = Release|Any CPU
		{244C6700-E8D4-48E2-B18F-F537E7237C98}.Release|Any CPU.Build.0 = Release|Any CPU
		{163C3A63-6B90-4AEC-B279-303018D1ABFE}.Debug|Any CPU.ActiveCfg = Debug|Any CPU
		{163C3A63-6B90-4AEC-B279-303018D1ABFE}.Debug|Any CPU.Build.0 = Debug|Any CPU
		{163C3A63-6B90-4AEC-B279-303018D1ABFE}.Release|Any CPU.ActiveCfg = Release|Any CPU
		{163C3A63-6B90-4AEC-B279-303018D1ABFE}.Release|Any CPU.Build.0 = Release|Any CPU
		{86939382-C3DB-43F3-AD73-6339D627DC1B}.Debug|Any CPU.ActiveCfg = Debug|Any CPU
		{86939382-C3DB-43F3-AD73-6339D627DC1B}.Debug|Any CPU.Build.0 = Debug|Any CPU
		{86939382-C3DB-43F3-AD73-6339D627DC1B}.Release|Any CPU.ActiveCfg = Release|Any CPU
		{86939382-C3DB-43F3-AD73-6339D627DC1B}.Release|Any CPU.Build.0 = Release|Any CPU
		{BAD2A686-EDCE-4F2F-A79C-76D52BB908B1}.Debug|Any CPU.ActiveCfg = Debug|Any CPU
		{BAD2A686-EDCE-4F2F-A79C-76D52BB908B1}.Debug|Any CPU.Build.0 = Debug|Any CPU
		{BAD2A686-EDCE-4F2F-A79C-76D52BB908B1}.Release|Any CPU.ActiveCfg = Release|Any CPU
		{BAD2A686-EDCE-4F2F-A79C-76D52BB908B1}.Release|Any CPU.Build.0 = Release|Any CPU
		{DD3A8F64-6085-49FD-82CF-E21A09116B92}.Debug|Any CPU.ActiveCfg = Debug|Any CPU
		{DD3A8F64-6085-49FD-82CF-E21A09116B92}.Debug|Any CPU.Build.0 = Debug|Any CPU
		{DD3A8F64-6085-49FD-82CF-E21A09116B92}.Release|Any CPU.ActiveCfg = Release|Any CPU
		{DD3A8F64-6085-49FD-82CF-E21A09116B92}.Release|Any CPU.Build.0 = Release|Any CPU
		{B93C1FEA-E30A-4330-9F60-DC85BA0BBC8E}.Debug|Any CPU.ActiveCfg = Debug|Any CPU
		{B93C1FEA-E30A-4330-9F60-DC85BA0BBC8E}.Debug|Any CPU.Build.0 = Debug|Any CPU
		{B93C1FEA-E30A-4330-9F60-DC85BA0BBC8E}.Release|Any CPU.ActiveCfg = Release|Any CPU
		{B93C1FEA-E30A-4330-9F60-DC85BA0BBC8E}.Release|Any CPU.Build.0 = Release|Any CPU
		{50046BC1-BEF2-47FA-88B0-8F85774828E2}.Debug|Any CPU.ActiveCfg = Debug|Any CPU
		{50046BC1-BEF2-47FA-88B0-8F85774828E2}.Debug|Any CPU.Build.0 = Debug|Any CPU
		{50046BC1-BEF2-47FA-88B0-8F85774828E2}.Release|Any CPU.ActiveCfg = Release|Any CPU
		{50046BC1-BEF2-47FA-88B0-8F85774828E2}.Release|Any CPU.Build.0 = Release|Any CPU
	EndGlobalSection
	GlobalSection(NestedProjects) = preSolution
		{FE9CF977-BD85-4F59-BB4D-F9B093137869} = {92DFC2B6-AB4D-449E-839E-A503EBF7A585}
		{9C42C603-BE7C-482A-8D6F-19877DB7B1A8} = {92DFC2B6-AB4D-449E-839E-A503EBF7A585}
		{163C3A63-6B90-4AEC-B279-303018D1ABFE} = {92DFC2B6-AB4D-449E-839E-A503EBF7A585}
		{86939382-C3DB-43F3-AD73-6339D627DC1B} = {92DFC2B6-AB4D-449E-839E-A503EBF7A585}
		{BAD2A686-EDCE-4F2F-A79C-76D52BB908B1} = {9BA18437-6194-4985-9892-57F711A1FB1B}
		{DD3A8F64-6085-49FD-82CF-E21A09116B92} = {9BA18437-6194-4985-9892-57F711A1FB1B}
		{B93C1FEA-E30A-4330-9F60-DC85BA0BBC8E} = {9BA18437-6194-4985-9892-57F711A1FB1B}
		{50046BC1-BEF2-47FA-88B0-8F85774828E2} = {9BA18437-6194-4985-9892-57F711A1FB1B}
	EndGlobalSection
EndGlobal
