
Microsoft Visual Studio Solution File, Format Version 12.00
# Visual Studio Version 17
VisualStudioVersion = 17.0.31903.59
MinimumVisualStudioVersion = 10.0.40219.1
Project("{FAE04EC0-301F-11D3-BF4B-00C04F79EFBC}") = "WorkerService1", "WorkerService1\WorkerService1.csproj", "{AA4B6764-4F23-44D3-993D-A26A5B0916B5}"
EndProject
Project("{FAE04EC0-301F-11D3-BF4B-00C04F79EFBC}") = "EconomicSimulator", "EconomicSimulator\EconomicSimulator.csproj", "{9C42C603-BE7C-482A-8D6F-19877DB7B1A8}"
EndProject
Project("{FAE04EC0-301F-11D3-BF4B-00C04F79EFBC}") = "BF2", "BF2\BF2.csproj", "{8DBF8D70-BF5B-41BB-ADE0-33D068F721B8}"
EndProject
Project("{FAE04EC0-301F-11D3-BF4B-00C04F79EFBC}") = "DistributedLaba", "DistributedLaba\DistributedLaba.csproj", "{C1A5D38F-0C6A-44BC-BA5E-1B9B30F154ED}"
EndProject
Global
	GlobalSection(SolutionConfigurationPlatforms) = preSolution
		Debug|Any CPU = Debug|Any CPU
		Release|Any CPU = Release|Any CPU
	EndGlobalSection
	GlobalSection(SolutionProperties) = preSolution
		HideSolutionNode = FALSE
	EndGlobalSection
	GlobalSection(ProjectConfigurationPlatforms) = postSolution
		{AA4B6764-4F23-44D3-993D-A26A5B0916B5}.Debug|Any CPU.ActiveCfg = Debug|Any CPU
		{AA4B6764-4F23-44D3-993D-A26A5B0916B5}.Debug|Any CPU.Build.0 = Debug|Any CPU
		{AA4B6764-4F23-44D3-993D-A26A5B0916B5}.Release|Any CPU.ActiveCfg = Release|Any CPU
		{AA4B6764-4F23-44D3-993D-A26A5B0916B5}.Release|Any CPU.Build.0 = Release|Any CPU
		{9C42C603-BE7C-482A-8D6F-19877DB7B1A8}.Debug|Any CPU.ActiveCfg = Debug|Any CPU
		{9C42C603-BE7C-482A-8D6F-19877DB7B1A8}.Debug|Any CPU.Build.0 = Debug|Any CPU
		{9C42C603-BE7C-482A-8D6F-19877DB7B1A8}.Release|Any CPU.ActiveCfg = Release|Any CPU
		{9C42C603-BE7C-482A-8D6F-19877DB7B1A8}.Release|Any CPU.Build.0 = Release|Any CPU
		{8DBF8D70-BF5B-41BB-ADE0-33D068F721B8}.Debug|Any CPU.ActiveCfg = Debug|Any CPU
		{8DBF8D70-BF5B-41BB-ADE0-33D068F721B8}.Debug|Any CPU.Build.0 = Debug|Any CPU
		{8DBF8D70-BF5B-41BB-ADE0-33D068F721B8}.Release|Any CPU.ActiveCfg = Release|Any CPU
		{8DBF8D70-BF5B-41BB-ADE0-33D068F721B8}.Release|Any CPU.Build.0 = Release|Any CPU
		{C1A5D38F-0C6A-44BC-BA5E-1B9B30F154ED}.Debug|Any CPU.ActiveCfg = Debug|Any CPU
		{C1A5D38F-0C6A-44BC-BA5E-1B9B30F154ED}.Debug|Any CPU.Build.0 = Debug|Any CPU
		{C1A5D38F-0C6A-44BC-BA5E-1B9B30F154ED}.Release|Any CPU.ActiveCfg = Release|Any CPU
		{C1A5D38F-0C6A-44BC-BA5E-1B9B30F154ED}.Release|Any CPU.Build.0 = Release|Any CPU
	EndGlobalSection
EndGlobal
